{
  "name": "myblog",
  "version": "1.0.0",
  "lockfileVersion": 1,
  "requires": true,
  "dependencies": {
    "@vuepress/plugin-active-header-links": {
      "version": "1.5.4",
      "resolved": "https://registry.npmjs.org/@vuepress/plugin-active-header-links/-/plugin-active-header-links-1.5.4.tgz",
      "integrity": "sha512-FI1Dr/44HVqxLMRSuaVEEwegGVEGFlaWYE3nsXwL7klKr6c+2kXHEw9rSQlAxzJyzVfovTk4dd+s/AMOKuLGZQ==",
      "dev": true,
      "requires": {
        "lodash.debounce": "^4.0.8"
      }
    },
    "@vuepress/plugin-back-to-top": {
      "version": "1.5.4",
      "resolved": "https://registry.npmjs.org/@vuepress/plugin-back-to-top/-/plugin-back-to-top-1.5.4.tgz",
      "integrity": "sha512-FqT3F8VztSiDXtI7xjD4SOeEuyaPYx2zxxU3cH3wfe/amlFWyFPjTWJwAf1GRT5CqS13J2qfEnfWMU/Ct7Xg/Q==",
      "dev": true,
      "requires": {
        "lodash.debounce": "^4.0.8"
      }
    },
    "@vuepress/plugin-nprogress": {
      "version": "1.5.4",
      "resolved": "https://registry.npmjs.org/@vuepress/plugin-nprogress/-/plugin-nprogress-1.5.4.tgz",
      "integrity": "sha512-2bGKoO/o2e5mIfOU80q+AkxOK5wVijA/+8jGjSQVf2ccMpJw+Ly1mMi69r81Q0QkEihgfI9VN42a5+a6LUgPBw==",
      "dev": true,
      "requires": {
        "nprogress": "^0.2.0"
      }
    },
    "colors": {
      "version": "1.4.0",
      "resolved": "https://registry.npmjs.org/colors/-/colors-1.4.0.tgz",
      "integrity": "sha512-a+UqTh4kgZg/SlGvfbzDHpgRu7AAQOmmqRHJnxhRZICKFUT91brVhNNt58CMWU9PsBbv3PDCZUHbVxuDiH2mtA==",
      "dev": true
    },
    "lodash.debounce": {
      "version": "4.0.8",
      "resolved": "https://registry.npmjs.org/lodash.debounce/-/lodash.debounce-4.0.8.tgz",
      "integrity": "sha1-gteb/zCmfEAF/9XiUVMArZyk168=",
      "dev": true
    },
    "nprogress": {
      "version": "0.2.0",
      "resolved": "https://registry.npmjs.org/nprogress/-/nprogress-0.2.0.tgz",
      "integrity": "sha1-y480xTIT2JVyP8urkH6UIq28r7E=",
      "dev": true
    },
    "smoothscroll-polyfill": {
      "version": "0.4.4",
      "resolved": "https://registry.npmjs.org/smoothscroll-polyfill/-/smoothscroll-polyfill-0.4.4.tgz",
      "integrity": "sha512-TK5ZA9U5RqCwMpfoMq/l1mrH0JAR7y7KRvOBx0n2869aLxch+gT9GhN3yUfjiw+d/DiF1mKo14+hd62JyMmoBg==",
      "dev": true
    },
    "vuepress-plugin-auto-sidebar": {
      "version": "1.5.0",
      "resolved": "https://registry.npmjs.org/vuepress-plugin-auto-sidebar/-/vuepress-plugin-auto-sidebar-1.5.0.tgz",
      "integrity": "sha512-PsF+XRWBZw+xbh/4IzTw6VbM4PoMhEMemHgK+c1Lmf7+9Fq3FK/iB4/P6Bp3VmlY+GenJ95MtwKK0BRjuK4RCQ==",
      "dev": true,
      "requires": {
        "colors": "^1.4.0"
      }
    },
    "vuepress-plugin-cat": {
      "version": "1.0.3",
      "resolved": "https://registry.npmjs.org/vuepress-plugin-cat/-/vuepress-plugin-cat-1.0.3.tgz",
      "integrity": "sha512-1tronr8K/02Qn7M/+cOa5zYGfY/qlWLAqJjpT3FKYX4BsHEn9KEDnjJ7t9SyCPKpV68e8IP6XJvPZYTQ0Qs90w==",
      "dev": true
    },
    "vuepress-plugin-reading-progress": {
      "version": "1.0.10",
      "resolved": "https://registry.npmjs.org/vuepress-plugin-reading-progress/-/vuepress-plugin-reading-progress-1.0.10.tgz",
      "integrity": "sha512-7OxcjNEDf9gqFTns0YnXrqPnTRlX6wvxWFr7D8tlfyMPpsZwJkh/MkJveRrEaKcU0gk8QGmPHnXLAZ3soTThVg=="
    },
    "vuepress-plugin-smooth-scroll": {
      "version": "0.0.10",
      "resolved": "https://registry.npmjs.org/vuepress-plugin-smooth-scroll/-/vuepress-plugin-smooth-scroll-0.0.10.tgz",
      "integrity": "sha512-1B7cc0OxROX9aPdktTF6lGqASGh3h0mtiUCmbAVZfGDtTOGUYDDA1BhLV96zkz/v1Zh/UvKP2gF6ADrcV83BMg==",
      "dev": true,
      "requires": {
        "smoothscroll-polyfill": "^0.4.4"
      }
    },
    "vuepress-plugin-table-of-contents": {
      "version": "1.1.7",
      "resolved": "https://registry.npmjs.org/vuepress-plugin-table-of-contents/-/vuepress-plugin-table-of-contents-1.1.7.tgz",
      "integrity": "sha512-zG35KYsuLSJaQiTavBN/Nk7/mYC4Kl7bTLXWusvcm0zs1wCzFZf78fkNWAmqc0V3z5W92H8HM3FR5vo4aT2w7w==",
      "dev": true
    }
  }
}
